
Microsoft Visual Studio Solution File, Format Version 11.00
# Visual Studio 2010
Project("{FAE04EC0-301F-11D3-BF4B-00C04F79EFBC}") = "Skull Island", "Assembly-CSharp.csproj", "{39E74E8E-A6E1-5B4E-9BF5-3023A3A55EB4}"
EndProject
Project("{FAE04EC0-301F-11D3-BF4B-00C04F79EFBC}") = "Skull Island", "Assembly-CSharp-Editor.csproj", "{A5477DF1-CDF4-5013-0FD0-CEC223CC3920}"
EndProject
Global
	GlobalSection(SolutionConfigurationPlatforms) = preSolution
		Debug|Any CPU = Debug|Any CPU
		Release|Any CPU = Release|Any CPU
	EndGlobalSection
	GlobalSection(ProjectConfigurationPlatforms) = postSolution
		{39E74E8E-A6E1-5B4E-9BF5-3023A3A55EB4}.Debug|Any CPU.ActiveCfg = Debug|Any CPU
		{39E74E8E-A6E1-5B4E-9BF5-3023A3A55EB4}.Debug|Any CPU.Build.0 = Debug|Any CPU
		{39E74E8E-A6E1-5B4E-9BF5-3023A3A55EB4}.Release|Any CPU.ActiveCfg = Release|Any CPU
		{39E74E8E-A6E1-5B4E-9BF5-3023A3A55EB4}.Release|Any CPU.Build.0 = Release|Any CPU
		{A5477DF1-CDF4-5013-0FD0-CEC223CC3920}.Debug|Any CPU.ActiveCfg = Debug|Any CPU
		{A5477DF1-CDF4-5013-0FD0-CEC223CC3920}.Debug|Any CPU.Build.0 = Debug|Any CPU
		{A5477DF1-CDF4-5013-0FD0-CEC223CC3920}.Release|Any CPU.ActiveCfg = Release|Any CPU
		{A5477DF1-CDF4-5013-0FD0-CEC223CC3920}.Release|Any CPU.Build.0 = Release|Any CPU
	EndGlobalSection
	GlobalSection(SolutionProperties) = preSolution
		HideSolutionNode = FALSE
	EndGlobalSection
	GlobalSection(MonoDevelopProperties) = preSolution
		StartupItem = Assembly-CSharp.csproj
	EndGlobalSection
EndGlobal
